// !$*UTF8*$!
{
	archiveVersion = 1;
	classes = {
	};
	objectVersion = 56;
	objects = {

/* Begin PBXBuildFile section */
		0D3BD2922B49BB800053B4A5 /* SwensonHeTaskApp.swift in Sources */ = {isa = PBXBuildFile; fileRef = 0D3BD2912B49BB800053B4A5 /* SwensonHeTaskApp.swift */; };
		0D3BD2942B49BB800053B4A5 /* ContentView.swift in Sources */ = {isa = PBXBuildFile; fileRef = 0D3BD2932B49BB800053B4A5 /* ContentView.swift */; };
		0D3BD2962B49BB800053B4A5 /* Item.swift in Sources */ = {isa = PBXBuildFile; fileRef = 0D3BD2952B49BB800053B4A5 /* Item.swift */; };
		0D3BD2982B49BB820053B4A5 /* Assets.xcassets in Resources */ = {isa = PBXBuildFile; fileRef = 0D3BD2972B49BB820053B4A5 /* Assets.xcassets */; };
		0D3BD29B2B49BB820053B4A5 /* Preview Assets.xcassets in Resources */ = {isa = PBXBuildFile; fileRef = 0D3BD29A2B49BB820053B4A5 /* Preview Assets.xcassets */; };
		0D3BD2A52B49BB820053B4A5 /* SwensonHeTaskTests.swift in Sources */ = {isa = PBXBuildFile; fileRef = 0D3BD2A42B49BB820053B4A5 /* SwensonHeTaskTests.swift */; };
		0D3BD2AF2B49BB820053B4A5 /* SwensonHeTaskUITests.swift in Sources */ = {isa = PBXBuildFile; fileRef = 0D3BD2AE2B49BB820053B4A5 /* SwensonHeTaskUITests.swift */; };
		0D3BD2B12B49BB820053B4A5 /* SwensonHeTaskUITestsLaunchTests.swift in Sources */ = {isa = PBXBuildFile; fileRef = 0D3BD2B02B49BB820053B4A5 /* SwensonHeTaskUITestsLaunchTests.swift */; };
		0D3BD2C22B49BE150053B4A5 /* CategoriesItemsScreen.swift in Sources */ = {isa = PBXBuildFile; fileRef = 0D3BD2C12B49BE150053B4A5 /* CategoriesItemsScreen.swift */; };
		0D3BD2C62B49BF950053B4A5 /* AbstractCategories+ItemsViewModel.swift in Sources */ = {isa = PBXBuildFile; fileRef = 0D3BD2C52B49BF950053B4A5 /* AbstractCategories+ItemsViewModel.swift */; };
		0D3BD2C82B49C2680053B4A5 /* CategoryItemGridViewElement.swift in Sources */ = {isa = PBXBuildFile; fileRef = 0D3BD2C72B49C2680053B4A5 /* CategoryItemGridViewElement.swift */; };
		0D3BD2CB2B49C6950053B4A5 /* Colors.swift in Sources */ = {isa = PBXBuildFile; fileRef = 0D3BD2CA2B49C6950053B4A5 /* Colors.swift */; };
		0DEC8EFC2B49F48B0080DD7B /* EventBuilderNavigation.swift in Sources */ = {isa = PBXBuildFile; fileRef = 0DEC8EFB2B49F48B0080DD7B /* EventBuilderNavigation.swift */; };
		0DEC8EFE2B4A16D80080DD7B /* CategoriesScreenViewModel.swift in Sources */ = {isa = PBXBuildFile; fileRef = 0DEC8EFD2B4A16D80080DD7B /* CategoriesScreenViewModel.swift */; };
		0DEC8F002B4A16E50080DD7B /* TasksScreenViewModel.swift in Sources */ = {isa = PBXBuildFile; fileRef = 0DEC8EFF2B4A16E50080DD7B /* TasksScreenViewModel.swift */; };
		0DEC8F022B4A1BF60080DD7B /* CategoryGridItemViewModel.swift in Sources */ = {isa = PBXBuildFile; fileRef = 0DEC8F012B4A1BF60080DD7B /* CategoryGridItemViewModel.swift */; };
		0DEC8F052B4A1DBA0080DD7B /* AbstractGridItemViewModels.swift in Sources */ = {isa = PBXBuildFile; fileRef = 0DEC8F042B4A1DBA0080DD7B /* AbstractGridItemViewModels.swift */; };
		0DEC8F072B4A1FA90080DD7B /* TaskGridViewModel.swift in Sources */ = {isa = PBXBuildFile; fileRef = 0DEC8F062B4A1FA90080DD7B /* TaskGridViewModel.swift */; };
		0DEC8F0C2B4ABA7F0080DD7B /* CartViewModel.swift in Sources */ = {isa = PBXBuildFile; fileRef = 0DEC8F0B2B4ABA7F0080DD7B /* CartViewModel.swift */; };
		0DEC8F0E2B4ACEB70080DD7B /* CategoriesServices.swift in Sources */ = {isa = PBXBuildFile; fileRef = 0DEC8F0D2B4ACEB70080DD7B /* CategoriesServices.swift */; };
		0DEC8F122B4AD36B0080DD7B /* NetworkManager.swift in Sources */ = {isa = PBXBuildFile; fileRef = 0DEC8F112B4AD36B0080DD7B /* NetworkManager.swift */; };
		0DEC8F142B4AD3790080DD7B /* NetworkError.swift in Sources */ = {isa = PBXBuildFile; fileRef = 0DEC8F132B4AD3790080DD7B /* NetworkError.swift */; };
		0DEC8F172B4AD3E30080DD7B /* CategoriesModel.swift in Sources */ = {isa = PBXBuildFile; fileRef = 0DEC8F162B4AD3E30080DD7B /* CategoriesModel.swift */; };
		0DEC8F192B4AE7A30080DD7B /* TasksModel.swift in Sources */ = {isa = PBXBuildFile; fileRef = 0DEC8F182B4AE7A30080DD7B /* TasksModel.swift */; };
		0DEC8F1C2B4AFF9A0080DD7B /* Kingfisher in Frameworks */ = {isa = PBXBuildFile; productRef = 0DEC8F1B2B4AFF9A0080DD7B /* Kingfisher */; };
		0DEC8F1E2B4B1C610080DD7B /* Extensions.swift in Sources */ = {isa = PBXBuildFile; fileRef = 0DEC8F1D2B4B1C610080DD7B /* Extensions.swift */; };
		0DEC8F212B4B3F610080DD7B /* CategoryGridItemViewModel.swift in Sources */ = {isa = PBXBuildFile; fileRef = 0DEC8F012B4A1BF60080DD7B /* CategoryGridItemViewModel.swift */; };
		0DEC8F222B4B3F630080DD7B /* TaskGridViewModel.swift in Sources */ = {isa = PBXBuildFile; fileRef = 0DEC8F062B4A1FA90080DD7B /* TaskGridViewModel.swift */; };
		0DEC8F232B4B3F660080DD7B /* CartViewModel.swift in Sources */ = {isa = PBXBuildFile; fileRef = 0DEC8F0B2B4ABA7F0080DD7B /* CartViewModel.swift */; };
		0DEC8F242B4B400D0080DD7B /* AbstractGridItemViewModels.swift in Sources */ = {isa = PBXBuildFile; fileRef = 0DEC8F042B4A1DBA0080DD7B /* AbstractGridItemViewModels.swift */; };
		0DEC8F252B4B400D0080DD7B /* AbstractCategories+ItemsViewModel.swift in Sources */ = {isa = PBXBuildFile; fileRef = 0D3BD2C52B49BF950053B4A5 /* AbstractCategories+ItemsViewModel.swift */; };
		0DEC8F282B4B40920080DD7B /* MockupViewModels.swift in Sources */ = {isa = PBXBuildFile; fileRef = 0DEC8F272B4B40920080DD7B /* MockupViewModels.swift */; };
		0DEC8F292B4B40BD0080DD7B /* MockupViewModels.swift in Sources */ = {isa = PBXBuildFile; fileRef = 0DEC8F272B4B40920080DD7B /* MockupViewModels.swift */; };
		0DEC8F2A2B4B40E10080DD7B /* TasksModel.swift in Sources */ = {isa = PBXBuildFile; fileRef = 0DEC8F182B4AE7A30080DD7B /* TasksModel.swift */; };
		0DEC8F2B2B4B40E10080DD7B /* CategoriesModel.swift in Sources */ = {isa = PBXBuildFile; fileRef = 0DEC8F162B4AD3E30080DD7B /* CategoriesModel.swift */; };
/* End PBXBuildFile section */

/* Begin PBXContainerItemProxy section */
		0D3BD2A12B49BB820053B4A5 /* PBXContainerItemProxy */ = {
			isa = PBXContainerItemProxy;
			containerPortal = 0D3BD2862B49BB800053B4A5 /* Project object */;
			proxyType = 1;
			remoteGlobalIDString = 0D3BD28D2B49BB800053B4A5;
			remoteInfo = SwensonHeTask;
		};
		0D3BD2AB2B49BB820053B4A5 /* PBXContainerItemProxy */ = {
			isa = PBXContainerItemProxy;
			containerPortal = 0D3BD2862B49BB800053B4A5 /* Project object */;
			proxyType = 1;
			remoteGlobalIDString = 0D3BD28D2B49BB800053B4A5;
			remoteInfo = SwensonHeTask;
		};
/* End PBXContainerItemProxy section */

/* Begin PBXFileReference section */
		0D3BD28E2B49BB800053B4A5 /* SwensonHeTask.app */ = {isa = PBXFileReference; explicitFileType = wrapper.application; includeInIndex = 0; path = SwensonHeTask.app; sourceTree = BUILT_PRODUCTS_DIR; };
		0D3BD2912B49BB800053B4A5 /* SwensonHeTaskApp.swift */ = {isa = PBXFileReference; lastKnownFileType = sourcecode.swift; path = SwensonHeTaskApp.swift; sourceTree = "<group>"; };
		0D3BD2932B49BB800053B4A5 /* ContentView.swift */ = {isa = PBXFileReference; lastKnownFileType = sourcecode.swift; path = ContentView.swift; sourceTree = "<group>"; };
		0D3BD2952B49BB800053B4A5 /* Item.swift */ = {isa = PBXFileReference; lastKnownFileType = sourcecode.swift; path = Item.swift; sourceTree = "<group>"; };
		0D3BD2972B49BB820053B4A5 /* Assets.xcassets */ = {isa = PBXFileReference; lastKnownFileType = folder.assetcatalog; path = Assets.xcassets; sourceTree = "<group>"; };
		0D3BD29A2B49BB820053B4A5 /* Preview Assets.xcassets */ = {isa = PBXFileReference; lastKnownFileType = folder.assetcatalog; path = "Preview Assets.xcassets"; sourceTree = "<group>"; };
		0D3BD2A02B49BB820053B4A5 /* SwensonHeTaskTests.xctest */ = {isa = PBXFileReference; explicitFileType = wrapper.cfbundle; includeInIndex = 0; path = SwensonHeTaskTests.xctest; sourceTree = BUILT_PRODUCTS_DIR; };
		0D3BD2A42B49BB820053B4A5 /* SwensonHeTaskTests.swift */ = {isa = PBXFileReference; lastKnownFileType = sourcecode.swift; path = SwensonHeTaskTests.swift; sourceTree = "<group>"; };
		0D3BD2AA2B49BB820053B4A5 /* SwensonHeTaskUITests.xctest */ = {isa = PBXFileReference; explicitFileType = wrapper.cfbundle; includeInIndex = 0; path = SwensonHeTaskUITests.xctest; sourceTree = BUILT_PRODUCTS_DIR; };
		0D3BD2AE2B49BB820053B4A5 /* SwensonHeTaskUITests.swift */ = {isa = PBXFileReference; lastKnownFileType = sourcecode.swift; path = SwensonHeTaskUITests.swift; sourceTree = "<group>"; };
		0D3BD2B02B49BB820053B4A5 /* SwensonHeTaskUITestsLaunchTests.swift */ = {isa = PBXFileReference; lastKnownFileType = sourcecode.swift; path = SwensonHeTaskUITestsLaunchTests.swift; sourceTree = "<group>"; };
		0D3BD2C12B49BE150053B4A5 /* CategoriesItemsScreen.swift */ = {isa = PBXFileReference; lastKnownFileType = sourcecode.swift; path = CategoriesItemsScreen.swift; sourceTree = "<group>"; };
		0D3BD2C52B49BF950053B4A5 /* AbstractCategories+ItemsViewModel.swift */ = {isa = PBXFileReference; lastKnownFileType = sourcecode.swift; path = "AbstractCategories+ItemsViewModel.swift"; sourceTree = "<group>"; };
		0D3BD2C72B49C2680053B4A5 /* CategoryItemGridViewElement.swift */ = {isa = PBXFileReference; lastKnownFileType = sourcecode.swift; path = CategoryItemGridViewElement.swift; sourceTree = "<group>"; };
		0D3BD2CA2B49C6950053B4A5 /* Colors.swift */ = {isa = PBXFileReference; lastKnownFileType = sourcecode.swift; path = Colors.swift; sourceTree = "<group>"; };
		0DEC8EFB2B49F48B0080DD7B /* EventBuilderNavigation.swift */ = {isa = PBXFileReference; lastKnownFileType = sourcecode.swift; path = EventBuilderNavigation.swift; sourceTree = "<group>"; };
		0DEC8EFD2B4A16D80080DD7B /* CategoriesScreenViewModel.swift */ = {isa = PBXFileReference; lastKnownFileType = sourcecode.swift; path = CategoriesScreenViewModel.swift; sourceTree = "<group>"; };
		0DEC8EFF2B4A16E50080DD7B /* TasksScreenViewModel.swift */ = {isa = PBXFileReference; lastKnownFileType = sourcecode.swift; path = TasksScreenViewModel.swift; sourceTree = "<group>"; };
		0DEC8F012B4A1BF60080DD7B /* CategoryGridItemViewModel.swift */ = {isa = PBXFileReference; lastKnownFileType = sourcecode.swift; path = CategoryGridItemViewModel.swift; sourceTree = "<group>"; };
		0DEC8F042B4A1DBA0080DD7B /* AbstractGridItemViewModels.swift */ = {isa = PBXFileReference; lastKnownFileType = sourcecode.swift; path = AbstractGridItemViewModels.swift; sourceTree = "<group>"; };
		0DEC8F062B4A1FA90080DD7B /* TaskGridViewModel.swift */ = {isa = PBXFileReference; lastKnownFileType = sourcecode.swift; path = TaskGridViewModel.swift; sourceTree = "<group>"; };
		0DEC8F0B2B4ABA7F0080DD7B /* CartViewModel.swift */ = {isa = PBXFileReference; lastKnownFileType = sourcecode.swift; path = CartViewModel.swift; sourceTree = "<group>"; };
		0DEC8F0D2B4ACEB70080DD7B /* CategoriesServices.swift */ = {isa = PBXFileReference; lastKnownFileType = sourcecode.swift; path = CategoriesServices.swift; sourceTree = "<group>"; };
		0DEC8F112B4AD36B0080DD7B /* NetworkManager.swift */ = {isa = PBXFileReference; lastKnownFileType = sourcecode.swift; path = NetworkManager.swift; sourceTree = "<group>"; };
		0DEC8F132B4AD3790080DD7B /* NetworkError.swift */ = {isa = PBXFileReference; lastKnownFileType = sourcecode.swift; path = NetworkError.swift; sourceTree = "<group>"; };
		0DEC8F162B4AD3E30080DD7B /* CategoriesModel.swift */ = {isa = PBXFileReference; lastKnownFileType = sourcecode.swift; path = CategoriesModel.swift; sourceTree = "<group>"; };
		0DEC8F182B4AE7A30080DD7B /* TasksModel.swift */ = {isa = PBXFileReference; lastKnownFileType = sourcecode.swift; path = TasksModel.swift; sourceTree = "<group>"; };
		0DEC8F1D2B4B1C610080DD7B /* Extensions.swift */ = {isa = PBXFileReference; lastKnownFileType = sourcecode.swift; path = Extensions.swift; sourceTree = "<group>"; };
		0DEC8F272B4B40920080DD7B /* MockupViewModels.swift */ = {isa = PBXFileReference; lastKnownFileType = sourcecode.swift; path = MockupViewModels.swift; sourceTree = "<group>"; };
/* End PBXFileReference section */

/* Begin PBXFrameworksBuildPhase section */
		0D3BD28B2B49BB800053B4A5 /* Frameworks */ = {
			isa = PBXFrameworksBuildPhase;
			buildActionMask = 2147483647;
			files = (
				0DEC8F1C2B4AFF9A0080DD7B /* Kingfisher in Frameworks */,
			);
			runOnlyForDeploymentPostprocessing = 0;
		};
		0D3BD29D2B49BB820053B4A5 /* Frameworks */ = {
			isa = PBXFrameworksBuildPhase;
			buildActionMask = 2147483647;
			files = (
			);
			runOnlyForDeploymentPostprocessing = 0;
		};
		0D3BD2A72B49BB820053B4A5 /* Frameworks */ = {
			isa = PBXFrameworksBuildPhase;
			buildActionMask = 2147483647;
			files = (
			);
			runOnlyForDeploymentPostprocessing = 0;
		};
/* End PBXFrameworksBuildPhase section */

/* Begin PBXGroup section */
		0D3BD2852B49BB800053B4A5 = {
			isa = PBXGroup;
			children = (
				0D3BD2902B49BB800053B4A5 /* SwensonHeTask */,
				0D3BD2A32B49BB820053B4A5 /* SwensonHeTaskTests */,
				0D3BD2AD2B49BB820053B4A5 /* SwensonHeTaskUITests */,
				0D3BD28F2B49BB800053B4A5 /* Products */,
			);
			sourceTree = "<group>";
		};
		0D3BD28F2B49BB800053B4A5 /* Products */ = {
			isa = PBXGroup;
			children = (
				0D3BD28E2B49BB800053B4A5 /* SwensonHeTask.app */,
				0D3BD2A02B49BB820053B4A5 /* SwensonHeTaskTests.xctest */,
				0D3BD2AA2B49BB820053B4A5 /* SwensonHeTaskUITests.xctest */,
			);
			name = Products;
			sourceTree = "<group>";
		};
		0D3BD2902B49BB800053B4A5 /* SwensonHeTask */ = {
			isa = PBXGroup;
			children = (
				0DEC8F102B4AD35C0080DD7B /* Network */,
				0D3BD2BE2B49BC700053B4A5 /* Utilities */,
				0D3BD2BD2B49BC6B0053B4A5 /* Services */,
				0D3BD2BF2B49BC770053B4A5 /* Features */,
				0D3BD2912B49BB800053B4A5 /* SwensonHeTaskApp.swift */,
				0D3BD2932B49BB800053B4A5 /* ContentView.swift */,
				0D3BD2952B49BB800053B4A5 /* Item.swift */,
				0D3BD2972B49BB820053B4A5 /* Assets.xcassets */,
				0D3BD2992B49BB820053B4A5 /* Preview Content */,
			);
			path = SwensonHeTask;
			sourceTree = "<group>";
		};
		0D3BD2992B49BB820053B4A5 /* Preview Content */ = {
			isa = PBXGroup;
			children = (
				0D3BD29A2B49BB820053B4A5 /* Preview Assets.xcassets */,
			);
			path = "Preview Content";
			sourceTree = "<group>";
		};
		0D3BD2A32B49BB820053B4A5 /* SwensonHeTaskTests */ = {
			isa = PBXGroup;
			children = (
				0D3BD2A42B49BB820053B4A5 /* SwensonHeTaskTests.swift */,
			);
			path = SwensonHeTaskTests;
			sourceTree = "<group>";
		};
		0D3BD2AD2B49BB820053B4A5 /* SwensonHeTaskUITests */ = {
			isa = PBXGroup;
			children = (
				0D3BD2AE2B49BB820053B4A5 /* SwensonHeTaskUITests.swift */,
				0D3BD2B02B49BB820053B4A5 /* SwensonHeTaskUITestsLaunchTests.swift */,
			);
			path = SwensonHeTaskUITests;
			sourceTree = "<group>";
		};
		0D3BD2BD2B49BC6B0053B4A5 /* Services */ = {
			isa = PBXGroup;
			children = (
				0DEC8F0D2B4ACEB70080DD7B /* CategoriesServices.swift */,
			);
			path = Services;
			sourceTree = "<group>";
		};
		0D3BD2BE2B49BC700053B4A5 /* Utilities */ = {
			isa = PBXGroup;
			children = (
				0D3BD2C92B49C6880053B4A5 /* Design System */,
				0DEC8F1D2B4B1C610080DD7B /* Extensions.swift */,
			);
			path = Utilities;
			sourceTree = "<group>";
		};
		0D3BD2BF2B49BC770053B4A5 /* Features */ = {
			isa = PBXGroup;
			children = (
				0D3BD2C02B49BDB40053B4A5 /* Categories */,
			);
			path = Features;
			sourceTree = "<group>";
		};
		0D3BD2C02B49BDB40053B4A5 /* Categories */ = {
			isa = PBXGroup;
			children = (
				0DEC8F152B4AD3D80080DD7B /* Models */,
				0D3BD2C42B49BF7D0053B4A5 /* ViewModels */,
				0D3BD2C32B49BF740053B4A5 /* Views */,
			);
			path = Categories;
			sourceTree = "<group>";
		};
		0D3BD2C32B49BF740053B4A5 /* Views */ = {
			isa = PBXGroup;
			children = (
				0D3BD2C12B49BE150053B4A5 /* CategoriesItemsScreen.swift */,
				0D3BD2C72B49C2680053B4A5 /* CategoryItemGridViewElement.swift */,
				0DEC8EFB2B49F48B0080DD7B /* EventBuilderNavigation.swift */,
			);
			path = Views;
			sourceTree = "<group>";
		};
		0D3BD2C42B49BF7D0053B4A5 /* ViewModels */ = {
			isa = PBXGroup;
			children = (
				0DEC8F262B4B40600080DD7B /* Mockups */,
				0DEC8F032B4A1D9C0080DD7B /* Abstracts */,
				0DEC8EFD2B4A16D80080DD7B /* CategoriesScreenViewModel.swift */,
				0DEC8EFF2B4A16E50080DD7B /* TasksScreenViewModel.swift */,
				0DEC8F012B4A1BF60080DD7B /* CategoryGridItemViewModel.swift */,
				0DEC8F062B4A1FA90080DD7B /* TaskGridViewModel.swift */,
				0DEC8F0B2B4ABA7F0080DD7B /* CartViewModel.swift */,
			);
			path = ViewModels;
			sourceTree = "<group>";
		};
		0D3BD2C92B49C6880053B4A5 /* Design System */ = {
			isa = PBXGroup;
			children = (
				0D3BD2CA2B49C6950053B4A5 /* Colors.swift */,
			);
			path = "Design System";
			sourceTree = "<group>";
		};
		0DEC8F032B4A1D9C0080DD7B /* Abstracts */ = {
			isa = PBXGroup;
			children = (
				0D3BD2C52B49BF950053B4A5 /* AbstractCategories+ItemsViewModel.swift */,
				0DEC8F042B4A1DBA0080DD7B /* AbstractGridItemViewModels.swift */,
			);
			path = Abstracts;
			sourceTree = "<group>";
		};
		0DEC8F102B4AD35C0080DD7B /* Network */ = {
			isa = PBXGroup;
			children = (
				0DEC8F112B4AD36B0080DD7B /* NetworkManager.swift */,
				0DEC8F132B4AD3790080DD7B /* NetworkError.swift */,
			);
			path = Network;
			sourceTree = "<group>";
		};
		0DEC8F152B4AD3D80080DD7B /* Models */ = {
			isa = PBXGroup;
			children = (
				0DEC8F162B4AD3E30080DD7B /* CategoriesModel.swift */,
				0DEC8F182B4AE7A30080DD7B /* TasksModel.swift */,
			);
			path = Models;
			sourceTree = "<group>";
		};
		0DEC8F262B4B40600080DD7B /* Mockups */ = {
			isa = PBXGroup;
			children = (
				0DEC8F272B4B40920080DD7B /* MockupViewModels.swift */,
			);
			path = Mockups;
			sourceTree = "<group>";
		};
/* End PBXGroup section */

/* Begin PBXNativeTarget section */
		0D3BD28D2B49BB800053B4A5 /* SwensonHeTask */ = {
			isa = PBXNativeTarget;
			buildConfigurationList = 0D3BD2B42B49BB820053B4A5 /* Build configuration list for PBXNativeTarget "SwensonHeTask" */;
			buildPhases = (
				0D3BD28A2B49BB800053B4A5 /* Sources */,
				0D3BD28B2B49BB800053B4A5 /* Frameworks */,
				0D3BD28C2B49BB800053B4A5 /* Resources */,
			);
			buildRules = (
			);
			dependencies = (
			);
			name = SwensonHeTask;
			packageProductDependencies = (
				0DEC8F1B2B4AFF9A0080DD7B /* Kingfisher */,
			);
			productName = SwensonHeTask;
			productReference = 0D3BD28E2B49BB800053B4A5 /* SwensonHeTask.app */;
			productType = "com.apple.product-type.application";
		};
		0D3BD29F2B49BB820053B4A5 /* SwensonHeTaskTests */ = {
			isa = PBXNativeTarget;
			buildConfigurationList = 0D3BD2B72B49BB820053B4A5 /* Build configuration list for PBXNativeTarget "SwensonHeTaskTests" */;
			buildPhases = (
				0D3BD29C2B49BB820053B4A5 /* Sources */,
				0D3BD29D2B49BB820053B4A5 /* Frameworks */,
				0D3BD29E2B49BB820053B4A5 /* Resources */,
			);
			buildRules = (
			);
			dependencies = (
				0D3BD2A22B49BB820053B4A5 /* PBXTargetDependency */,
			);
			name = SwensonHeTaskTests;
			productName = SwensonHeTaskTests;
			productReference = 0D3BD2A02B49BB820053B4A5 /* SwensonHeTaskTests.xctest */;
			productType = "com.apple.product-type.bundle.unit-test";
		};
		0D3BD2A92B49BB820053B4A5 /* SwensonHeTaskUITests */ = {
			isa = PBXNativeTarget;
			buildConfigurationList = 0D3BD2BA2B49BB820053B4A5 /* Build configuration list for PBXNativeTarget "SwensonHeTaskUITests" */;
			buildPhases = (
				0D3BD2A62B49BB820053B4A5 /* Sources */,
				0D3BD2A72B49BB820053B4A5 /* Frameworks */,
				0D3BD2A82B49BB820053B4A5 /* Resources */,
			);
			buildRules = (
			);
			dependencies = (
				0D3BD2AC2B49BB820053B4A5 /* PBXTargetDependency */,
			);
			name = SwensonHeTaskUITests;
			productName = SwensonHeTaskUITests;
			productReference = 0D3BD2AA2B49BB820053B4A5 /* SwensonHeTaskUITests.xctest */;
			productType = "com.apple.product-type.bundle.ui-testing";
		};
/* End PBXNativeTarget section */

/* Begin PBXProject section */
		0D3BD2862B49BB800053B4A5 /* Project object */ = {
			isa = PBXProject;
			attributes = {
				BuildIndependentTargetsInParallel = 1;
				LastSwiftUpdateCheck = 1500;
				LastUpgradeCheck = 1500;
				TargetAttributes = {
					0D3BD28D2B49BB800053B4A5 = {
						CreatedOnToolsVersion = 15.0.1;
					};
					0D3BD29F2B49BB820053B4A5 = {
						CreatedOnToolsVersion = 15.0.1;
						TestTargetID = 0D3BD28D2B49BB800053B4A5;
					};
					0D3BD2A92B49BB820053B4A5 = {
						CreatedOnToolsVersion = 15.0.1;
						TestTargetID = 0D3BD28D2B49BB800053B4A5;
					};
				};
			};
			buildConfigurationList = 0D3BD2892B49BB800053B4A5 /* Build configuration list for PBXProject "SwensonHeTask" */;
			compatibilityVersion = "Xcode 14.0";
			developmentRegion = en;
			hasScannedForEncodings = 0;
			knownRegions = (
				en,
				Base,
			);
			mainGroup = 0D3BD2852B49BB800053B4A5;
			packageReferences = (
				0DEC8F1A2B4AFF9A0080DD7B /* XCRemoteSwiftPackageReference "Kingfisher" */,
			);
			productRefGroup = 0D3BD28F2B49BB800053B4A5 /* Products */;
			projectDirPath = "";
			projectRoot = "";
			targets = (
				0D3BD28D2B49BB800053B4A5 /* SwensonHeTask */,
				0D3BD29F2B49BB820053B4A5 /* SwensonHeTaskTests */,
				0D3BD2A92B49BB820053B4A5 /* SwensonHeTaskUITests */,
			);
		};
/* End PBXProject section */

/* Begin PBXResourcesBuildPhase section */
		0D3BD28C2B49BB800053B4A5 /* Resources */ = {
			isa = PBXResourcesBuildPhase;
			buildActionMask = 2147483647;
			files = (
				0D3BD29B2B49BB820053B4A5 /* Preview Assets.xcassets in Resources */,
				0D3BD2982B49BB820053B4A5 /* Assets.xcassets in Resources */,
			);
			runOnlyForDeploymentPostprocessing = 0;
		};
		0D3BD29E2B49BB820053B4A5 /* Resources */ = {
			isa = PBXResourcesBuildPhase;
			buildActionMask = 2147483647;
			files = (
			);
			runOnlyForDeploymentPostprocessing = 0;
		};
		0D3BD2A82B49BB820053B4A5 /* Resources */ = {
			isa = PBXResourcesBuildPhase;
			buildActionMask = 2147483647;
			files = (
			);
			runOnlyForDeploymentPostprocessing = 0;
		};
/* End PBXResourcesBuildPhase section */

/* Begin PBXSourcesBuildPhase section */
		0D3BD28A2B49BB800053B4A5 /* Sources */ = {
			isa = PBXSourcesBuildPhase;
			buildActionMask = 2147483647;
			files = (
				0DEC8F142B4AD3790080DD7B /* NetworkError.swift in Sources */,
				0DEC8F0E2B4ACEB70080DD7B /* CategoriesServices.swift in Sources */,
				0DEC8F022B4A1BF60080DD7B /* CategoryGridItemViewModel.swift in Sources */,
				0DEC8F172B4AD3E30080DD7B /* CategoriesModel.swift in Sources */,
				0DEC8EFC2B49F48B0080DD7B /* EventBuilderNavigation.swift in Sources */,
				0DEC8F0C2B4ABA7F0080DD7B /* CartViewModel.swift in Sources */,
				0DEC8F122B4AD36B0080DD7B /* NetworkManager.swift in Sources */,
				0DEC8EFE2B4A16D80080DD7B /* CategoriesScreenViewModel.swift in Sources */,
				0D3BD2C62B49BF950053B4A5 /* AbstractCategories+ItemsViewModel.swift in Sources */,
				0D3BD2942B49BB800053B4A5 /* ContentView.swift in Sources */,
				0D3BD2962B49BB800053B4A5 /* Item.swift in Sources */,
				0DEC8F052B4A1DBA0080DD7B /* AbstractGridItemViewModels.swift in Sources */,
				0DEC8F002B4A16E50080DD7B /* TasksScreenViewModel.swift in Sources */,
				0DEC8F192B4AE7A30080DD7B /* TasksModel.swift in Sources */,
				0D3BD2CB2B49C6950053B4A5 /* Colors.swift in Sources */,
				0DEC8F282B4B40920080DD7B /* MockupViewModels.swift in Sources */,
				0DEC8F1E2B4B1C610080DD7B /* Extensions.swift in Sources */,
				0D3BD2C22B49BE150053B4A5 /* CategoriesItemsScreen.swift in Sources */,
				0D3BD2C82B49C2680053B4A5 /* CategoryItemGridViewElement.swift in Sources */,
				0DEC8F072B4A1FA90080DD7B /* TaskGridViewModel.swift in Sources */,
				0D3BD2922B49BB800053B4A5 /* SwensonHeTaskApp.swift in Sources */,
			);
			runOnlyForDeploymentPostprocessing = 0;
		};
		0D3BD29C2B49BB820053B4A5 /* Sources */ = {
			isa = PBXSourcesBuildPhase;
			buildActionMask = 2147483647;
			files = (
				0DEC8F232B4B3F660080DD7B /* CartViewModel.swift in Sources */,
				0DEC8F292B4B40BD0080DD7B /* MockupViewModels.swift in Sources */,
				0DEC8F2A2B4B40E10080DD7B /* TasksModel.swift in Sources */,
				0DEC8F2B2B4B40E10080DD7B /* CategoriesModel.swift in Sources */,
				0DEC8F222B4B3F630080DD7B /* TaskGridViewModel.swift in Sources */,
				0DEC8F242B4B400D0080DD7B /* AbstractGridItemViewModels.swift in Sources */,
				0DEC8F212B4B3F610080DD7B /* CategoryGridItemViewModel.swift in Sources */,
				0DEC8F252B4B400D0080DD7B /* AbstractCategories+ItemsViewModel.swift in Sources */,
				0D3BD2A52B49BB820053B4A5 /* SwensonHeTaskTests.swift in Sources */,
			);
			runOnlyForDeploymentPostprocessing = 0;
		};
		0D3BD2A62B49BB820053B4A5 /* Sources */ = {
			isa = PBXSourcesBuildPhase;
			buildActionMask = 2147483647;
			files = (
				0D3BD2B12B49BB820053B4A5 /* SwensonHeTaskUITestsLaunchTests.swift in Sources */,
				0D3BD2AF2B49BB820053B4A5 /* SwensonHeTaskUITests.swift in Sources */,
			);
			runOnlyForDeploymentPostprocessing = 0;
		};
/* End PBXSourcesBuildPhase section */

/* Begin PBXTargetDependency section */
		0D3BD2A22B49BB820053B4A5 /* PBXTargetDependency */ = {
			isa = PBXTargetDependency;
			target = 0D3BD28D2B49BB800053B4A5 /* SwensonHeTask */;
			targetProxy = 0D3BD2A12B49BB820053B4A5 /* PBXContainerItemProxy */;
		};
		0D3BD2AC2B49BB820053B4A5 /* PBXTargetDependency */ = {
			isa = PBXTargetDependency;
			target = 0D3BD28D2B49BB800053B4A5 /* SwensonHeTask */;
			targetProxy = 0D3BD2AB2B49BB820053B4A5 /* PBXContainerItemProxy */;
		};
/* End PBXTargetDependency section */

/* Begin XCBuildConfiguration section */
		0D3BD2B22B49BB820053B4A5 /* Debug */ = {
			isa = XCBuildConfiguration;
			buildSettings = {
				ALWAYS_SEARCH_USER_PATHS = NO;
				ASSETCATALOG_COMPILER_GENERATE_SWIFT_ASSET_SYMBOL_EXTENSIONS = YES;
				CLANG_ANALYZER_NONNULL = YES;
				CLANG_ANALYZER_NUMBER_OBJECT_CONVERSION = YES_AGGRESSIVE;
				CLANG_CXX_LANGUAGE_STANDARD = "gnu++20";
				CLANG_ENABLE_MODULES = YES;
				CLANG_ENABLE_OBJC_ARC = YES;
				CLANG_ENABLE_OBJC_WEAK = YES;
				CLANG_WARN_BLOCK_CAPTURE_AUTORELEASING = YES;
				CLANG_WARN_BOOL_CONVERSION = YES;
				CLANG_WARN_COMMA = YES;
				CLANG_WARN_CONSTANT_CONVERSION = YES;
				CLANG_WARN_DEPRECATED_OBJC_IMPLEMENTATIONS = YES;
				CLANG_WARN_DIRECT_OBJC_ISA_USAGE = YES_ERROR;
				CLANG_WARN_DOCUMENTATION_COMMENTS = YES;
				CLANG_WARN_EMPTY_BODY = YES;
				CLANG_WARN_ENUM_CONVERSION = YES;
				CLANG_WARN_INFINITE_RECURSION = YES;
				CLANG_WARN_INT_CONVERSION = YES;
				CLANG_WARN_NON_LITERAL_NULL_CONVERSION = YES;
				CLANG_WARN_OBJC_IMPLICIT_RETAIN_SELF = YES;
				CLANG_WARN_OBJC_LITERAL_CONVERSION = YES;
				CLANG_WARN_OBJC_ROOT_CLASS = YES_ERROR;
				CLANG_WARN_QUOTED_INCLUDE_IN_FRAMEWORK_HEADER = YES;
				CLANG_WARN_RANGE_LOOP_ANALYSIS = YES;
				CLANG_WARN_STRICT_PROTOTYPES = YES;
				CLANG_WARN_SUSPICIOUS_MOVE = YES;
				CLANG_WARN_UNGUARDED_AVAILABILITY = YES_AGGRESSIVE;
				CLANG_WARN_UNREACHABLE_CODE = YES;
				CLANG_WARN__DUPLICATE_METHOD_MATCH = YES;
				COPY_PHASE_STRIP = NO;
				DEBUG_INFORMATION_FORMAT = dwarf;
				ENABLE_STRICT_OBJC_MSGSEND = YES;
				ENABLE_TESTABILITY = YES;
				ENABLE_USER_SCRIPT_SANDBOXING = YES;
				GCC_C_LANGUAGE_STANDARD = gnu17;
				GCC_DYNAMIC_NO_PIC = NO;
				GCC_NO_COMMON_BLOCKS = YES;
				GCC_OPTIMIZATION_LEVEL = 0;
				GCC_PREPROCESSOR_DEFINITIONS = (
					"DEBUG=1",
					"$(inherited)",
				);
				GCC_WARN_64_TO_32_BIT_CONVERSION = YES;
				GCC_WARN_ABOUT_RETURN_TYPE = YES_ERROR;
				GCC_WARN_UNDECLARED_SELECTOR = YES;
				GCC_WARN_UNINITIALIZED_AUTOS = YES_AGGRESSIVE;
				GCC_WARN_UNUSED_FUNCTION = YES;
				GCC_WARN_UNUSED_VARIABLE = YES;
				IPHONEOS_DEPLOYMENT_TARGET = 17.0;
				LOCALIZATION_PREFERS_STRING_CATALOGS = YES;
				MTL_ENABLE_DEBUG_INFO = INCLUDE_SOURCE;
				MTL_FAST_MATH = YES;
				ONLY_ACTIVE_ARCH = YES;
				SDKROOT = iphoneos;
				SWIFT_ACTIVE_COMPILATION_CONDITIONS = "DEBUG $(inherited)";
				SWIFT_OPTIMIZATION_LEVEL = "-Onone";
			};
			name = Debug;
		};
		0D3BD2B32B49BB820053B4A5 /* Release */ = {
			isa = XCBuildConfiguration;
			buildSettings = {
				ALWAYS_SEARCH_USER_PATHS = NO;
				ASSETCATALOG_COMPILER_GENERATE_SWIFT_ASSET_SYMBOL_EXTENSIONS = YES;
				CLANG_ANALYZER_NONNULL = YES;
				CLANG_ANALYZER_NUMBER_OBJECT_CONVERSION = YES_AGGRESSIVE;
				CLANG_CXX_LANGUAGE_STANDARD = "gnu++20";
				CLANG_ENABLE_MODULES = YES;
				CLANG_ENABLE_OBJC_ARC = YES;
				CLANG_ENABLE_OBJC_WEAK = YES;
				CLANG_WARN_BLOCK_CAPTURE_AUTORELEASING = YES;
				CLANG_WARN_BOOL_CONVERSION = YES;
				CLANG_WARN_COMMA = YES;
				CLANG_WARN_CONSTANT_CONVERSION = YES;
				CLANG_WARN_DEPRECATED_OBJC_IMPLEMENTATIONS = YES;
				CLANG_WARN_DIRECT_OBJC_ISA_USAGE = YES_ERROR;
				CLANG_WARN_DOCUMENTATION_COMMENTS = YES;
				CLANG_WARN_EMPTY_BODY = YES;
				CLANG_WARN_ENUM_CONVERSION = YES;
				CLANG_WARN_INFINITE_RECURSION = YES;
				CLANG_WARN_INT_CONVERSION = YES;
				CLANG_WARN_NON_LITERAL_NULL_CONVERSION = YES;
				CLANG_WARN_OBJC_IMPLICIT_RETAIN_SELF = YES;
				CLANG_WARN_OBJC_LITERAL_CONVERSION = YES;
				CLANG_WARN_OBJC_ROOT_CLASS = YES_ERROR;
				CLANG_WARN_QUOTED_INCLUDE_IN_FRAMEWORK_HEADER = YES;
				CLANG_WARN_RANGE_LOOP_ANALYSIS = YES;
				CLANG_WARN_STRICT_PROTOTYPES = YES;
				CLANG_WARN_SUSPICIOUS_MOVE = YES;
				CLANG_WARN_UNGUARDED_AVAILABILITY = YES_AGGRESSIVE;
				CLANG_WARN_UNREACHABLE_CODE = YES;
				CLANG_WARN__DUPLICATE_METHOD_MATCH = YES;
				COPY_PHASE_STRIP = NO;
				DEBUG_INFORMATION_FORMAT = "dwarf-with-dsym";
				ENABLE_NS_ASSERTIONS = NO;
				ENABLE_STRICT_OBJC_MSGSEND = YES;
				ENABLE_USER_SCRIPT_SANDBOXING = YES;
				GCC_C_LANGUAGE_STANDARD = gnu17;
				GCC_NO_COMMON_BLOCKS = YES;
				GCC_WARN_64_TO_32_BIT_CONVERSION = YES;
				GCC_WARN_ABOUT_RETURN_TYPE = YES_ERROR;
				GCC_WARN_UNDECLARED_SELECTOR = YES;
				GCC_WARN_UNINITIALIZED_AUTOS = YES_AGGRESSIVE;
				GCC_WARN_UNUSED_FUNCTION = YES;
				GCC_WARN_UNUSED_VARIABLE = YES;
				IPHONEOS_DEPLOYMENT_TARGET = 17.0;
				LOCALIZATION_PREFERS_STRING_CATALOGS = YES;
				MTL_ENABLE_DEBUG_INFO = NO;
				MTL_FAST_MATH = YES;
				SDKROOT = iphoneos;
				SWIFT_COMPILATION_MODE = wholemodule;
				VALIDATE_PRODUCT = YES;
			};
			name = Release;
		};
		0D3BD2B52B49BB820053B4A5 /* Debug */ = {
			isa = XCBuildConfiguration;
			buildSettings = {
				ASSETCATALOG_COMPILER_APPICON_NAME = AppIcon;
				ASSETCATALOG_COMPILER_GLOBAL_ACCENT_COLOR_NAME = AccentColor;
				CODE_SIGN_STYLE = Automatic;
				CURRENT_PROJECT_VERSION = 1;
				DEVELOPMENT_ASSET_PATHS = "\"SwensonHeTask/Preview Content\"";
				DEVELOPMENT_TEAM = NC7G924HW9;
				ENABLE_PREVIEWS = YES;
				GENERATE_INFOPLIST_FILE = YES;
				INFOPLIST_KEY_UIApplicationSceneManifest_Generation = YES;
				INFOPLIST_KEY_UIApplicationSupportsIndirectInputEvents = YES;
				INFOPLIST_KEY_UILaunchScreen_Generation = YES;
				INFOPLIST_KEY_UISupportedInterfaceOrientations_iPad = "UIInterfaceOrientationPortrait UIInterfaceOrientationPortraitUpsideDown UIInterfaceOrientationLandscapeLeft UIInterfaceOrientationLandscapeRight";
				INFOPLIST_KEY_UISupportedInterfaceOrientations_iPhone = "UIInterfaceOrientationPortrait UIInterfaceOrientationLandscapeLeft UIInterfaceOrientationLandscapeRight";
				LD_RUNPATH_SEARCH_PATHS = (
					"$(inherited)",
					"@executable_path/Frameworks",
				);
				MARKETING_VERSION = 1.0;
				PRODUCT_BUNDLE_IDENTIFIER = com.Mostafa3la2.SwensonHeTask;
				PRODUCT_NAME = "$(TARGET_NAME)";
				SWIFT_EMIT_LOC_STRINGS = YES;
				SWIFT_VERSION = 5.0;
				TARGETED_DEVICE_FAMILY = "1,2";
			};
			name = Debug;
		};
		0D3BD2B62B49BB820053B4A5 /* Release */ = {
			isa = XCBuildConfiguration;
			buildSettings = {
				ASSETCATALOG_COMPILER_APPICON_NAME = AppIcon;
				ASSETCATALOG_COMPILER_GLOBAL_ACCENT_COLOR_NAME = AccentColor;
				CODE_SIGN_STYLE = Automatic;
				CURRENT_PROJECT_VERSION = 1;
				DEVELOPMENT_ASSET_PATHS = "\"SwensonHeTask/Preview Content\"";
				DEVELOPMENT_TEAM = NC7G924HW9;
				ENABLE_PREVIEWS = YES;
				GENERATE_INFOPLIST_FILE = YES;
				INFOPLIST_KEY_UIApplicationSceneManifest_Generation = YES;
				INFOPLIST_KEY_UIApplicationSupportsIndirectInputEvents = YES;
				INFOPLIST_KEY_UILaunchScreen_Generation = YES;
				INFOPLIST_KEY_UISupportedInterfaceOrientations_iPad = "UIInterfaceOrientationPortrait UIInterfaceOrientationPortraitUpsideDown UIInterfaceOrientationLandscapeLeft UIInterfaceOrientationLandscapeRight";
				INFOPLIST_KEY_UISupportedInterfaceOrientations_iPhone = "UIInterfaceOrientationPortrait UIInterfaceOrientationLandscapeLeft UIInterfaceOrientationLandscapeRight";
				LD_RUNPATH_SEARCH_PATHS = (
					"$(inherited)",
					"@executable_path/Frameworks",
				);
				MARKETING_VERSION = 1.0;
				PRODUCT_BUNDLE_IDENTIFIER = com.Mostafa3la2.SwensonHeTask;
				PRODUCT_NAME = "$(TARGET_NAME)";
				SWIFT_EMIT_LOC_STRINGS = YES;
				SWIFT_VERSION = 5.0;
				TARGETED_DEVICE_FAMILY = "1,2";
			};
			name = Release;
		};
		0D3BD2B82B49BB820053B4A5 /* Debug */ = {
			isa = XCBuildConfiguration;
			buildSettings = {
				ALWAYS_EMBED_SWIFT_STANDARD_LIBRARIES = YES;
				BUNDLE_LOADER = "$(TEST_HOST)";
				CODE_SIGN_STYLE = Automatic;
				CURRENT_PROJECT_VERSION = 1;
				DEVELOPMENT_TEAM = NC7G924HW9;
				GENERATE_INFOPLIST_FILE = YES;
				IPHONEOS_DEPLOYMENT_TARGET = 17.0;
				MARKETING_VERSION = 1.0;
				PRODUCT_BUNDLE_IDENTIFIER = com.Mostafa3la2.SwensonHeTaskTests;
				PRODUCT_NAME = "$(TARGET_NAME)";
				SWIFT_EMIT_LOC_STRINGS = NO;
				SWIFT_VERSION = 5.0;
				TARGETED_DEVICE_FAMILY = "1,2";
				TEST_HOST = "$(BUILT_PRODUCTS_DIR)/SwensonHeTask.app/$(BUNDLE_EXECUTABLE_FOLDER_PATH)/SwensonHeTask";
			};
			name = Debug;
		};
		0D3BD2B92B49BB820053B4A5 /* Release */ = {
			isa = XCBuildConfiguration;
			buildSettings = {
				ALWAYS_EMBED_SWIFT_STANDARD_LIBRARIES = YES;
				BUNDLE_LOADER = "$(TEST_HOST)";
				CODE_SIGN_STYLE = Automatic;
				CURRENT_PROJECT_VERSION = 1;
				DEVELOPMENT_TEAM = NC7G924HW9;
				GENERATE_INFOPLIST_FILE = YES;
				IPHONEOS_DEPLOYMENT_TARGET = 17.0;
				MARKETING_VERSION = 1.0;
				PRODUCT_BUNDLE_IDENTIFIER = com.Mostafa3la2.SwensonHeTaskTests;
				PRODUCT_NAME = "$(TARGET_NAME)";
				SWIFT_EMIT_LOC_STRINGS = NO;
				SWIFT_VERSION = 5.0;
				TARGETED_DEVICE_FAMILY = "1,2";
				TEST_HOST = "$(BUILT_PRODUCTS_DIR)/SwensonHeTask.app/$(BUNDLE_EXECUTABLE_FOLDER_PATH)/SwensonHeTask";
			};
			name = Release;
		};
		0D3BD2BB2B49BB820053B4A5 /* Debug */ = {
			isa = XCBuildConfiguration;
			buildSettings = {
				ALWAYS_EMBED_SWIFT_STANDARD_LIBRARIES = YES;
				CODE_SIGN_STYLE = Automatic;
				CURRENT_PROJECT_VERSION = 1;
				DEVELOPMENT_TEAM = NC7G924HW9;
				GENERATE_INFOPLIST_FILE = YES;
				MARKETING_VERSION = 1.0;
				PRODUCT_BUNDLE_IDENTIFIER = com.Mostafa3la2.SwensonHeTaskUITests;
				PRODUCT_NAME = "$(TARGET_NAME)";
				SWIFT_EMIT_LOC_STRINGS = NO;
				SWIFT_VERSION = 5.0;
				TARGETED_DEVICE_FAMILY = "1,2";
				TEST_TARGET_NAME = SwensonHeTask;
			};
			name = Debug;
		};
		0D3BD2BC2B49BB820053B4A5 /* Release */ = {
			isa = XCBuildConfiguration;
			buildSettings = {
				ALWAYS_EMBED_SWIFT_STANDARD_LIBRARIES = YES;
				CODE_SIGN_STYLE = Automatic;
				CURRENT_PROJECT_VERSION = 1;
				DEVELOPMENT_TEAM = NC7G924HW9;
				GENERATE_INFOPLIST_FILE = YES;
				MARKETING_VERSION = 1.0;
				PRODUCT_BUNDLE_IDENTIFIER = com.Mostafa3la2.SwensonHeTaskUITests;
				PRODUCT_NAME = "$(TARGET_NAME)";
				SWIFT_EMIT_LOC_STRINGS = NO;
				SWIFT_VERSION = 5.0;
				TARGETED_DEVICE_FAMILY = "1,2";
				TEST_TARGET_NAME = SwensonHeTask;
			};
			name = Release;
		};
/* End XCBuildConfiguration section */

/* Begin XCConfigurationList section */
		0D3BD2892B49BB800053B4A5 /* Build configuration list for PBXProject "SwensonHeTask" */ = {
			isa = XCConfigurationList;
			buildConfigurations = (
				0D3BD2B22B49BB820053B4A5 /* Debug */,
				0D3BD2B32B49BB820053B4A5 /* Release */,
			);
			defaultConfigurationIsVisible = 0;
			defaultConfigurationName = Release;
		};
		0D3BD2B42B49BB820053B4A5 /* Build configuration list for PBXNativeTarget "SwensonHeTask" */ = {
			isa = XCConfigurationList;
			buildConfigurations = (
				0D3BD2B52B49BB820053B4A5 /* Debug */,
				0D3BD2B62B49BB820053B4A5 /* Release */,
			);
			defaultConfigurationIsVisible = 0;
			defaultConfigurationName = Release;
		};
		0D3BD2B72B49BB820053B4A5 /* Build configuration list for PBXNativeTarget "SwensonHeTaskTests" */ = {
			isa = XCConfigurationList;
			buildConfigurations = (
				0D3BD2B82B49BB820053B4A5 /* Debug */,
				0D3BD2B92B49BB820053B4A5 /* Release */,
			);
			defaultConfigurationIsVisible = 0;
			defaultConfigurationName = Release;
		};
		0D3BD2BA2B49BB820053B4A5 /* Build configuration list for PBXNativeTarget "SwensonHeTaskUITests" */ = {
			isa = XCConfigurationList;
			buildConfigurations = (
				0D3BD2BB2B49BB820053B4A5 /* Debug */,
				0D3BD2BC2B49BB820053B4A5 /* Release */,
			);
			defaultConfigurationIsVisible = 0;
			defaultConfigurationName = Release;
		};
/* End XCConfigurationList section */

/* Begin XCRemoteSwiftPackageReference section */
		0DEC8F1A2B4AFF9A0080DD7B /* XCRemoteSwiftPackageReference "Kingfisher" */ = {
			isa = XCRemoteSwiftPackageReference;
			repositoryURL = "https://github.com/onevcat/Kingfisher.git";
			requirement = {
				kind = upToNextMajorVersion;
				minimumVersion = 7.10.1;
			};
		};
/* End XCRemoteSwiftPackageReference section */

/* Begin XCSwiftPackageProductDependency section */
		0DEC8F1B2B4AFF9A0080DD7B /* Kingfisher */ = {
			isa = XCSwiftPackageProductDependency;
			package = 0DEC8F1A2B4AFF9A0080DD7B /* XCRemoteSwiftPackageReference "Kingfisher" */;
			productName = Kingfisher;
		};
/* End XCSwiftPackageProductDependency section */
	};
	rootObject = 0D3BD2862B49BB800053B4A5 /* Project object */;
}
